schema: '2.0'
stages:
  build:
    cmd: make build && make run
    outs:
    - path: monitor
      md5: 7c3a8f4c317b9ae0d1df7ab62820ff6d.dir
      size: 3251
      nfiles: 3
  build-run:
    cmd: make build && make run
    deps:
    - path: src/modeling.py
      md5: dc17552636be4778361e5f1d2581308a
      size: 3177
    outs:
    - path: monitor/metadata_valid.json
      md5: c903c82e612c21df40c8f71015378b79
      size: 1092
