schema: '2.0'
stages:
  build:
    cmd: make build && make run
    outs:
    - path: monitor
      md5: 7c3a8f4c317b9ae0d1df7ab62820ff6d.dir
      size: 3251
      nfiles: 3
  build-run:
    cmd: make build && make run
    deps:
    - path: src/modeling.py
      md5: 4465edd427ccbe0e99361fb9f63feb8d
      size: 3185
    outs:
    - path: monitor/metadata_valid.json
      md5: 091a18dfec1048566f4f6b17dd872e58
      size: 925
