schema: '2.0'
stages:
  build:
    cmd: make build && make run
    outs:
    - path: monitor
      md5: 7c3a8f4c317b9ae0d1df7ab62820ff6d.dir
      size: 3251
      nfiles: 3
  build-run:
    cmd: make build && make run
    deps:
    - path: src/modeling.py
      md5: dfe6dd137782d685d5a6144c65c2fcfe
      size: 3173
    outs:
    - path: monitor/metadata_valid.json
      md5: f15796ec623a48c24e0008ac941fb2ff
      size: 902
